// !$*UTF8*$!
{
	archiveVersion = 1;
	classes = {
	};
	objectVersion = 46;
	objects = {

/* Begin PBXBuildFile section */
		B450598D1B0A6CBC009D81F7 /* main.c in Sources */ = {isa = PBXBuildFile; fileRef = B450598C1B0A6CBC009D81F7 /* main.c */; };
/* End PBXBuildFile section */

/* Begin PBXCopyFilesBuildPhase section */
		B45059871B0A6CBC009D81F7 /* CopyFiles */ = {
			isa = PBXCopyFilesBuildPhase;
			buildActionMask = 2147483647;
			dstPath = /usr/share/man/man1/;
			dstSubfolderSpec = 0;
			files = (
			);
			runOnlyForDeploymentPostprocessing = 1;
		};
/* End PBXCopyFilesBuildPhase section */

/* Begin PBXFileReference section */
		B45059891B0A6CBC009D81F7 /* Ch2_Pro7 */ = {isa = PBXFileReference; explicitFileType = "compiled.mach-o.executable"; includeInIndex = 0; path = Ch2_Pro7; sourceTree = BUILT_PRODUCTS_DIR; };
		B450598C1B0A6CBC009D81F7 /* main.c */ = {isa = PBXFileReference; lastKnownFileType = sourcecode.c.c; path = main.c; sourceTree = "<group>"; };
/* End PBXFileReference section */

/* Begin PBXFrameworksBuildPhase section */
		B45059861B0A6CBC009D81F7 /* Frameworks */ = {
			isa = PBXFrameworksBuildPhase;
			buildActionMask = 2147483647;
			files = (
			);
			runOnlyForDeploymentPostprocessing = 0;
		};
/* End PBXFrameworksBuildPhase section */

/* Begin PBXGroup section */
		B45059801B0A6CBC009D81F7 = {
			isa = PBXGroup;
			children = (
				B450598B1B0A6CBC009D81F7 /* Ch2_Pro7 */,
				B450598A1B0A6CBC009D81F7 /* Products */,
			);
			sourceTree = "<group>";
		};
		B450598A1B0A6CBC009D81F7 /* Products */ = {
			isa = PBXGroup;
			children = (
				B45059891B0A6CBC009D81F7 /* Ch2_Pro7 */,
			);
			name = Products;
			sourceTree = "<group>";
		};
		B450598B1B0A6CBC009D81F7 /* Ch2_Pro7 */ = {
			isa = PBXGroup;
			children = (
				B450598C1B0A6CBC009D81F7 /* main.c */,
			);
			path = Ch2_Pro7;
			sourceTree = "<group>";
		};
/* End PBXGroup section */

/* Begin PBXNativeTarget section */
		B45059881B0A6CBC009D81F7 /* Ch2_Pro7 */ = {
			isa = PBXNativeTarget;
			buildConfigurationList = B45059901B0A6CBC009D81F7 /* Build configuration list for PBXNativeTarget "Ch2_Pro7" */;
			buildPhases = (
				B45059851B0A6CBC009D81F7 /* Sources */,
				B45059861B0A6CBC009D81F7 /* Frameworks */,
				B45059871B0A6CBC009D81F7 /* CopyFiles */,
			);
			buildRules = (
			);
			dependencies = (
			);
			name = Ch2_Pro7;
			productName = Ch2_Pro7;
			productReference = B45059891B0A6CBC009D81F7 /* Ch2_Pro7 */;
			productType = "com.apple.product-type.tool";
		};
/* End PBXNativeTarget section */

/* Begin PBXProject section */
		B45059811B0A6CBC009D81F7 /* Project object */ = {
			isa = PBXProject;
			attributes = {
				LastUpgradeCheck = 0610;
				ORGANIZATIONNAME = "Tom Massey";
				TargetAttributes = {
					B45059881B0A6CBC009D81F7 = {
						CreatedOnToolsVersion = 6.1.1;
					};
				};
			};
			buildConfigurationList = B45059841B0A6CBC009D81F7 /* Build configuration list for PBXProject "Ch2_Pro7" */;
			compatibilityVersion = "Xcode 3.2";
			developmentRegion = English;
			hasScannedForEncodings = 0;
			knownRegions = (
				en,
			);
			mainGroup = B45059801B0A6CBC009D81F7;
			productRefGroup = B450598A1B0A6CBC009D81F7 /* Products */;
			projectDirPath = "";
			projectRoot = "";
			targets = (
				B45059881B0A6CBC009D81F7 /* Ch2_Pro7 */,
			);
		};
/* End PBXProject section */

/* Begin PBXSourcesBuildPhase section */
		B45059851B0A6CBC009D81F7 /* Sources */ = {
			isa = PBXSourcesBuildPhase;
			buildActionMask = 2147483647;
			files = (
				B450598D1B0A6CBC009D81F7 /* main.c in Sources */,
			);
			runOnlyForDeploymentPostprocessing = 0;
		};
/* End PBXSourcesBuildPhase section */

/* Begin XCBuildConfiguration section */
		B450598E1B0A6CBC009D81F7 /* Debug */ = {
			isa = XCBuildConfiguration;
			buildSettings = {
				ALWAYS_SEARCH_USER_PATHS = NO;
				CLANG_CXX_LANGUAGE_STANDARD = "gnu++0x";
				CLANG_CXX_LIBRARY = "libc++";
				CLANG_ENABLE_MODULES = YES;
				CLANG_ENABLE_OBJC_ARC = YES;
				CLANG_WARN_BOOL_CONVERSION = YES;
				CLANG_WARN_CONSTANT_CONVERSION = YES;
				CLANG_WARN_DIRECT_OBJC_ISA_USAGE = YES_ERROR;
				CLANG_WARN_EMPTY_BODY = YES;
				CLANG_WARN_ENUM_CONVERSION = YES;
				CLANG_WARN_INT_CONVERSION = YES;
				CLANG_WARN_OBJC_ROOT_CLASS = YES_ERROR;
				CLANG_WARN_UNREACHABLE_CODE = YES;
				CLANG_WARN__DUPLICATE_METHOD_MATCH = YES;
				COPY_PHASE_STRIP = NO;
				ENABLE_STRICT_OBJC_MSGSEND = YES;
				GCC_C_LANGUAGE_STANDARD = gnu99;
				GCC_DYNAMIC_NO_PIC = NO;
				GCC_OPTIMIZATION_LEVEL = 0;
				GCC_PREPROCESSOR_DEFINITIONS = (
					"DEBUG=1",
					"$(inherited)",
				);
				GCC_SYMBOLS_PRIVATE_EXTERN = NO;
				GCC_WARN_64_TO_32_BIT_CONVERSION = YES;
				GCC_WARN_ABOUT_RETURN_TYPE = YES_ERROR;
				GCC_WARN_UNDECLARED_SELECTOR = YES;
				GCC_WARN_UNINITIALIZED_AUTOS = YES_AGGRESSIVE;
				GCC_WARN_UNUSED_FUNCTION = YES;
				GCC_WARN_UNUSED_VARIABLE = YES;
				MACOSX_DEPLOYMENT_TARGET = 10.9;
				MTL_ENABLE_DEBUG_INFO = YES;
				ONLY_ACTIVE_ARCH = YES;
				SDKROOT = macosx;
			};
			name = Debug;
		};
		B450598F1B0A6CBC009D81F7 /* Release */ = {
			isa = XCBuildConfiguration;
			buildSettings = {
				ALWAYS_SEARCH_USER_PATHS = NO;
				CLANG_CXX_LANGUAGE_STANDARD = "gnu++0x";
				CLANG_CXX_LIBRARY = "libc++";
				CLANG_ENABLE_MODULES = YES;
				CLANG_ENABLE_OBJC_ARC = YES;
				CLANG_WARN_BOOL_CONVERSION = YES;
				CLANG_WARN_CONSTANT_CONVERSION = YES;
				CLANG_WARN_DIRECT_OBJC_ISA_USAGE = YES_ERROR;
				CLANG_WARN_EMPTY_BODY = YES;
				CLANG_WARN_ENUM_CONVERSION = YES;
				CLANG_WARN_INT_CONVERSION = YES;
				CLANG_WARN_OBJC_ROOT_CLASS = YES_ERROR;
				CLANG_WARN_UNREACHABLE_CODE = YES;
				CLANG_WARN__DUPLICATE_METHOD_MATCH = YES;
				COPY_PHASE_STRIP = YES;
				DEBUG_INFORMATION_FORMAT = "dwarf-with-dsym";
				ENABLE_NS_ASSERTIONS = NO;
				ENABLE_STRICT_OBJC_MSGSEND = YES;
				GCC_C_LANGUAGE_STANDARD = gnu99;
				GCC_WARN_64_TO_32_BIT_CONVERSION = YES;
				GCC_WARN_ABOUT_RETURN_TYPE = YES_ERROR;
				GCC_WARN_UNDECLARED_SELECTOR = YES;
				GCC_WARN_UNINITIALIZED_AUTOS = YES_AGGRESSIVE;
				GCC_WARN_UNUSED_FUNCTION = YES;
				GCC_WARN_UNUSED_VARIABLE = YES;
				MACOSX_DEPLOYMENT_TARGET = 10.9;
				MTL_ENABLE_DEBUG_INFO = NO;
				SDKROOT = macosx;
			};
			name = Release;
		};
		B45059911B0A6CBC009D81F7 /* Debug */ = {
			isa = XCBuildConfiguration;
			buildSettings = {
				PRODUCT_NAME = "$(TARGET_NAME)";
			};
			name = Debug;
		};
		B45059921B0A6CBC009D81F7 /* Release */ = {
			isa = XCBuildConfiguration;
			buildSettings = {
				PRODUCT_NAME = "$(TARGET_NAME)";
			};
			name = Release;
		};
/* End XCBuildConfiguration section */

/* Begin XCConfigurationList section */
		B45059841B0A6CBC009D81F7 /* Build configuration list for PBXProject "Ch2_Pro7" */ = {
			isa = XCConfigurationList;
			buildConfigurations = (
				B450598E1B0A6CBC009D81F7 /* Debug */,
				B450598F1B0A6CBC009D81F7 /* Release */,
			);
			defaultConfigurationIsVisible = 0;
			defaultConfigurationName = Release;
		};
		B45059901B0A6CBC009D81F7 /* Build configuration list for PBXNativeTarget "Ch2_Pro7" */ = {
			isa = XCConfigurationList;
			buildConfigurations = (
				B45059911B0A6CBC009D81F7 /* Debug */,
				B45059921B0A6CBC009D81F7 /* Release */,
			);
			defaultConfigurationIsVisible = 0;
		};
/* End XCConfigurationList section */
	};
	rootObject = B45059811B0A6CBC009D81F7 /* Project object */;
}
